<?xml version="1.0" encoding="utf-8"?>
<Project ToolsVersion="4.0" xmlns="http://schemas.microsoft.com/developer/msbuild/2003">
  <ItemGroup>
    <Filter Include="Source Files">
      <UniqueIdentifier>{4FC737F1-C7A5-4376-A066-2A32D752A2FF}</UniqueIdentifier>
      <Extensions>cpp;c;cc;cxx;def;odl;idl;hpj;bat;asm;asmx</Extensions>
    </Filter>
    <Filter Include="Header Files">
      <UniqueIdentifier>{93995380-89BD-4b04-88EB-625FBE52EBFB}</UniqueIdentifier>
      <Extensions>h;hh;hpp;hxx;hm;inl;inc;xsd</Extensions>
    </Filter>
    <Filter Include="Resource Files">
      <UniqueIdentifier>{67DA6AB6-F800-4c08-8B7A-83BB121AAD01}</UniqueIdentifier>
      <Extensions>rc;ico;cur;bmp;dlg;rc2;rct;bin;rgs;gif;jpg;jpeg;jpe;resx;tiff;tif;png;wav;mfcribbon-ms</Extensions>
    </Filter>
    <Filter Include="Source Files\model">
      <UniqueIdentifier>{f728f8ea-48fa-4dea-a32e-e529f6007005}</UniqueIdentifier>
    </Filter>
    <Filter Include="Source Files\util">
      <UniqueIdentifier>{3d7deaf6-ccf4-4d1e-9c8f-b7f00aaa21fc}</UniqueIdentifier>
    </Filter>
    <Filter Include="Source Files\network">
      <UniqueIdentifier>{411a1edf-ff60-4a19-9cb3-5eb2ad224f41}</UniqueIdentifier>
    </Filter>
    <Filter Include="Source Files\user">
      <UniqueIdentifier>{a88619cb-a1e5-4049-a6d0-daa9914868f3}</UniqueIdentifier>
    </Filter>
    <Filter Include="Source Files\audio">
      <UniqueIdentifier>{de7a12f4-a543-4886-867d-46f200ee4c3e}</UniqueIdentifier>
    </Filter>
    <Filter Include="Source Files\fileio">
      <UniqueIdentifier>{795ab3a5-e2e6-4e5a-a034-bdd26d76e8d4}</UniqueIdentifier>
    </Filter>
    <Filter Include="Source Files\math">
      <UniqueIdentifier>{a92f2ec8-fdb3-4022-b175-64692bc6da03}</UniqueIdentifier>
    </Filter>
    <Filter Include="Source Files\gui">
      <UniqueIdentifier>{7cc5b92d-6c13-4293-a3c0-a8a6fc44814a}</UniqueIdentifier>
    </Filter>
    <Filter Include="Source Files\lua">
      <UniqueIdentifier>{f290a56d-66fc-473e-a330-2f1213d6f844}</UniqueIdentifier>
    </Filter>
    <Filter Include="Source Files\render">
      <UniqueIdentifier>{101d4663-5196-4ef4-8b68-6dcde1b808bd}</UniqueIdentifier>
    </Filter>
    <Filter Include="Source Files\particle">
      <UniqueIdentifier>{47a6d3bc-804d-44f2-bdc8-5751e6fa5589}</UniqueIdentifier>
    </Filter>
    <Filter Include="Source Files\text">
      <UniqueIdentifier>{b011a281-2850-4dff-a505-f5ff2e2df641}</UniqueIdentifier>
    </Filter>
    <Filter Include="Source Files\game">
      <UniqueIdentifier>{c9e9aabf-9c5e-4e02-bd18-772057d38f90}</UniqueIdentifier>
    </Filter>
    <Filter Include="Source Files\input">
      <UniqueIdentifier>{0c83ef8c-17ab-4a10-9e2d-f875abefd411}</UniqueIdentifier>
    </Filter>
    <Filter Include="Source Files\main">
      <UniqueIdentifier>{1469769a-19f1-49bd-842b-e65363873e81}</UniqueIdentifier>
    </Filter>
    <Filter Include="Source Files\prop">
      <UniqueIdentifier>{25fc60cf-c785-417b-8a99-1e1c50377973}</UniqueIdentifier>
    </Filter>
    <Filter Include="Source Files\geom">
      <UniqueIdentifier>{5baeada0-9dea-4eca-9f06-12412f6026c1}</UniqueIdentifier>
    </Filter>
    <Filter Include="Source Files\ui">
      <UniqueIdentifier>{6de089ed-4185-42ff-9670-16db264cb805}</UniqueIdentifier>
    </Filter>
  </ItemGroup>
  <ItemGroup>
    <ClCompile Include="fileio\FileIOUtil.cpp">
      <Filter>Source Files\fileio</Filter>
    </ClCompile>
    <ClCompile Include="fileio\LevelMapIO.cpp">
      <Filter>Source Files\fileio</Filter>
    </ClCompile>
    <ClCompile Include="fileio\ModelIO.cpp">
      <Filter>Source Files\fileio</Filter>
    </ClCompile>
    <ClCompile Include="fileio\ShaderIO.cpp">
      <Filter>Source Files\fileio</Filter>
    </ClCompile>
    <ClCompile Include="game\Camera.cpp">
      <Filter>Source Files\game</Filter>
    </ClCompile>
    <ClCompile Include="game\GridRow.cpp">
      <Filter>Source Files\game</Filter>
    </ClCompile>
    <ClCompile Include="game\Lens.cpp">
      <Filter>Source Files\game</Filter>
    </ClCompile>
    <ClCompile Include="game\LevelMap.cpp">
      <Filter>Source Files\game</Filter>
    </ClCompile>
    <ClCompile Include="game\MapGrid.cpp">
      <Filter>Source Files\game</Filter>
    </ClCompile>
    <ClCompile Include="game\MapTile.cpp">
      <Filter>Source Files\game</Filter>
    </ClCompile>
    <ClCompile Include="game\Unit.cpp">
      <Filter>Source Files\game</Filter>
    </ClCompile>
    <ClCompile Include="math\Transform.cpp">
      <Filter>Source Files\math</Filter>
    </ClCompile>
    <ClCompile Include="math\Vec2i.cpp">
      <Filter>Source Files\math</Filter>
    </ClCompile>
    <ClCompile Include="math\Vec3i.cpp">
      <Filter>Source Files\math</Filter>
    </ClCompile>
    <ClCompile Include="model\Animation.cpp">
      <Filter>Source Files\model</Filter>
    </ClCompile>
    <ClCompile Include="model\Bone.cpp">
      <Filter>Source Files\model</Filter>
    </ClCompile>
    <ClCompile Include="model\Material.cpp">
      <Filter>Source Files\model</Filter>
    </ClCompile>
    <ClCompile Include="model\Mesh.cpp">
      <Filter>Source Files\model</Filter>
    </ClCompile>
    <ClCompile Include="model\Model.cpp">
      <Filter>Source Files\model</Filter>
    </ClCompile>
    <ClCompile Include="render\Color.cpp">
      <Filter>Source Files\render</Filter>
    </ClCompile>
    <ClCompile Include="render\Framebuffer.cpp">
      <Filter>Source Files\render</Filter>
    </ClCompile>
    <ClCompile Include="render\LightSource.cpp">
      <Filter>Source Files\render</Filter>
    </ClCompile>
    <ClCompile Include="render\ParticleSystem.cpp">
      <Filter>Source Files\render</Filter>
    </ClCompile>
    <ClCompile Include="render\Shader.cpp">
      <Filter>Source Files\render</Filter>
    </ClCompile>
    <ClCompile Include="render\Texture.cpp">
      <Filter>Source Files\render</Filter>
    </ClCompile>
    <ClCompile Include="util\Util.cpp">
      <Filter>Source Files\util</Filter>
    </ClCompile>
    <ClCompile Include="$(MSBuildThisFileDirectory)..\..\lib\native\src\lodepng.cpp">
      <Filter>Source Files</Filter>
    </ClCompile>
    <ClCompile Include="input\CXBOXController.cpp">
      <Filter>Source Files\input</Filter>
    </ClCompile>
    <ClCompile Include="input\Keyboard.cpp">
      <Filter>Source Files\input</Filter>
    </ClCompile>
    <ClCompile Include="input\ControllerPort.cpp">
      <Filter>Source Files\input</Filter>
    </ClCompile>
    <ClCompile Include="fileio\AudioIO.cpp">
      <Filter>Source Files\fileio</Filter>
    </ClCompile>
    <ClCompile Include="input\InputProc.cpp">
      <Filter>Source Files\input</Filter>
    </ClCompile>
    <ClCompile Include="gui\CursorInputProcessor.cpp">
      <Filter>Source Files\gui</Filter>
    </ClCompile>
    <ClCompile Include="game\GameInstance.cpp">
      <Filter>Source Files\game</Filter>
    </ClCompile>
    <ClCompile Include="network\Client.cpp">
      <Filter>Source Files\network</Filter>
    </ClCompile>
    <ClCompile Include="network\Network.cpp">
      <Filter>Source Files\network</Filter>
    </ClCompile>
    <ClCompile Include="network\Server.cpp">
      <Filter>Source Files\network</Filter>
    </ClCompile>
    <ClCompile Include="render\GameRenderer.cpp">
      <Filter>Source Files\render</Filter>
    </ClCompile>
    <ClCompile Include="audio\AudioManager.cpp">
      <Filter>Source Files\audio</Filter>
    </ClCompile>
    <ClCompile Include="game\AssetManager.cpp">
      <Filter>Source Files\game</Filter>
    </ClCompile>
    <ClCompile Include="main.cpp">
      <Filter>Source Files\main</Filter>
    </ClCompile>
    <ClCompile Include="prop\Prop.cpp">
      <Filter>Source Files\prop</Filter>
    </ClCompile>
    <ClCompile Include="lua\LuaScript.cpp">
      <Filter>Source Files\lua</Filter>
    </ClCompile>
    <ClCompile Include="lua\lua_util.cpp">
      <Filter>Source Files\lua</Filter>
    </ClCompile>
    <ClCompile Include="model\Armature.cpp">
      <Filter>Source Files\model</Filter>
    </ClCompile>
    <ClCompile Include="model\AnimationKey.cpp">
      <Filter>Source Files\model</Filter>
    </ClCompile>
    <ClCompile Include="model\AnimationChannel.cpp">
      <Filter>Source Files\model</Filter>
    </ClCompile>
    <ClCompile Include="model\Node.cpp">
      <Filter>Source Files\model</Filter>
    </ClCompile>
    <ClCompile Include="geom\ProceduralGeom.cpp">
      <Filter>Source Files\geom</Filter>
    </ClCompile>
    <ClCompile Include="model\ModelUtil.cpp">
      <Filter>Source Files\model</Filter>
    </ClCompile>
    <ClCompile Include="game\Weapon.cpp">
      <Filter>Source Files\game</Filter>
    </ClCompile>
    <ClCompile Include="game\UnitPath.cpp">
      <Filter>Source Files\game</Filter>
    </ClCompile>
    <ClCompile Include="text\TextItem.cpp">
      <Filter>Source Files\text</Filter>
    </ClCompile>
    <ClCompile Include="text\FontMap.cpp">
      <Filter>Source Files\text</Filter>
    </ClCompile>
    <ClCompile Include="fileio\FontMapIOUtil.cpp">
      <Filter>Source Files\fileio</Filter>
    </ClCompile>
    <ClCompile Include="text\TextAssetManager.cpp">
      <Filter>Source Files\text</Filter>
    </ClCompile>
    <ClCompile Include="ui\GameMenu.cpp">
      <Filter>Source Files\ui</Filter>
    </ClCompile>
    <ClCompile Include="render\IntroRenderer.cpp">
      <Filter>Source Files\render</Filter>
    </ClCompile>
    <ClCompile Include="lua\LuaKeyboard.cpp">
      <Filter>Source Files\lua</Filter>
    </ClCompile>
    <ClCompile Include="lua\LuaController.cpp">
      <Filter>Source Files\lua</Filter>
    </ClCompile>
    <ClCompile Include="network\NetworkNode.cpp">
      <Filter>Source Files\network</Filter>
    </ClCompile>
    <ClCompile Include="ui\GameMenuItem.cpp">
      <Filter>Source Files\ui</Filter>
    </ClCompile>
    <ClCompile Include="ui\OverlayItem.cpp">
      <Filter>Source Files\ui</Filter>
    </ClCompile>
    <ClCompile Include="ui\Overlay.cpp">
      <Filter>Source Files\ui</Filter>
    </ClCompile>
    <ClCompile Include="render\Cubemap.cpp">
      <Filter>Source Files\render</Filter>
    </ClCompile>
    <ClCompile Include="game\TileRange.cpp">
      <Filter>Source Files\game</Filter>
    </ClCompile>
    <ClCompile Include="render\Uniform.cpp">
      <Filter>Source Files\render</Filter>
    </ClCompile>
    <ClCompile Include="render\RenderUnit.cpp">
      <Filter>Source Files\render</Filter>
    </ClCompile>
  </ItemGroup>
  <ItemGroup>
    <None Include="packages.config" />
  </ItemGroup>
  <ItemGroup>
    <ClInclude Include="fileio\FileIOUtil.h">
      <Filter>Source Files\fileio</Filter>
    </ClInclude>
    <ClInclude Include="fileio\LevelMapIO.h">
      <Filter>Source Files\fileio</Filter>
    </ClInclude>
    <ClInclude Include="fileio\ModelIO.h">
      <Filter>Source Files\fileio</Filter>
    </ClInclude>
    <ClInclude Include="fileio\ShaderIO.h">
      <Filter>Source Files\fileio</Filter>
    </ClInclude>
    <ClInclude Include="game\Camera.h">
      <Filter>Source Files\game</Filter>
    </ClInclude>
    <ClInclude Include="game\GridRow.h">
      <Filter>Source Files\game</Filter>
    </ClInclude>
    <ClInclude Include="game\Lens.h">
      <Filter>Source Files\game</Filter>
    </ClInclude>
    <ClInclude Include="game\LevelMap.h">
      <Filter>Source Files\game</Filter>
    </ClInclude>
    <ClInclude Include="game\MapGrid.h">
      <Filter>Source Files\game</Filter>
    </ClInclude>
    <ClInclude Include="game\MapTile.h">
      <Filter>Source Files\game</Filter>
    </ClInclude>
    <ClInclude Include="game\Unit.h">
      <Filter>Source Files\game</Filter>
    </ClInclude>
    <ClInclude Include="math\Transform.h">
      <Filter>Source Files\math</Filter>
    </ClInclude>
    <ClInclude Include="math\Vec2i.h">
      <Filter>Source Files\math</Filter>
    </ClInclude>
    <ClInclude Include="math\Vec3i.h">
      <Filter>Source Files\math</Filter>
    </ClInclude>
    <ClInclude Include="model\Animation.h">
      <Filter>Source Files\model</Filter>
    </ClInclude>
    <ClInclude Include="model\Bone.h">
      <Filter>Source Files\model</Filter>
    </ClInclude>
    <ClInclude Include="model\Material.h">
      <Filter>Source Files\model</Filter>
    </ClInclude>
    <ClInclude Include="model\Mesh.h">
      <Filter>Source Files\model</Filter>
    </ClInclude>
    <ClInclude Include="model\Model.h">
      <Filter>Source Files\model</Filter>
    </ClInclude>
    <ClInclude Include="render\Color.h">
      <Filter>Source Files\render</Filter>
    </ClInclude>
    <ClInclude Include="render\Framebuffer.h">
      <Filter>Source Files\render</Filter>
    </ClInclude>
    <ClInclude Include="render\LightSource.h">
      <Filter>Source Files\render</Filter>
    </ClInclude>
    <ClInclude Include="render\ParticleSystem.h">
      <Filter>Source Files\render</Filter>
    </ClInclude>
    <ClInclude Include="render\Shader.h">
      <Filter>Source Files\render</Filter>
    </ClInclude>
    <ClInclude Include="render\Texture.h">
      <Filter>Source Files\render</Filter>
    </ClInclude>
    <ClInclude Include="util\Util.h">
      <Filter>Source Files\util</Filter>
    </ClInclude>
    <ClInclude Include="resource.h">
      <Filter>Header Files</Filter>
    </ClInclude>
    <ClInclude Include="input\CXBOXController.h">
      <Filter>Source Files\input</Filter>
    </ClInclude>
    <ClInclude Include="input\Keyboard.h">
      <Filter>Source Files\input</Filter>
    </ClInclude>
    <ClInclude Include="input\ControllerPort.h">
      <Filter>Source Files\input</Filter>
    </ClInclude>
    <ClInclude Include="input\ControllerListener.h">
      <Filter>Source Files\input</Filter>
    </ClInclude>
    <ClInclude Include="fileio\AudioIO.h">
      <Filter>Source Files\fileio</Filter>
    </ClInclude>
    <ClInclude Include="audio\ALSound.h">
      <Filter>Source Files\audio</Filter>
    </ClInclude>
    <ClInclude Include="input\InputProc.h">
      <Filter>Source Files\input</Filter>
    </ClInclude>
    <ClInclude Include="gui\CursorInputProcessor.h">
      <Filter>Source Files\gui</Filter>
    </ClInclude>
    <ClInclude Include="game\GameInstance.h">
      <Filter>Source Files\game</Filter>
    </ClInclude>
    <ClInclude Include="network\Client.h">
      <Filter>Source Files\network</Filter>
    </ClInclude>
    <ClInclude Include="network\Network.h">
      <Filter>Source Files\network</Filter>
    </ClInclude>
    <ClInclude Include="network\Server.h">
      <Filter>Source Files\network</Filter>
    </ClInclude>
    <ClInclude Include="render\GameRenderer.h">
      <Filter>Source Files\render</Filter>
    </ClInclude>
    <ClInclude Include="audio\AudioManager.h">
      <Filter>Source Files\audio</Filter>
    </ClInclude>
    <ClInclude Include="game\AssetManager.h">
      <Filter>Source Files\game</Filter>
    </ClInclude>
    <ClInclude Include="main\GlobalDefs.h">
      <Filter>Source Files\main</Filter>
    </ClInclude>
    <ClInclude Include="prop\Prop.h">
      <Filter>Source Files\prop</Filter>
    </ClInclude>
    <ClInclude Include="lua\lua_util.h">
      <Filter>Source Files\lua</Filter>
    </ClInclude>
    <ClInclude Include="lua\LuaScript.h">
      <Filter>Source Files\lua</Filter>
    </ClInclude>
    <ClInclude Include="model\Armature.h">
      <Filter>Source Files\model</Filter>
    </ClInclude>
    <ClInclude Include="model\AnimationKey.h">
      <Filter>Source Files\model</Filter>
    </ClInclude>
    <ClInclude Include="model\AnimationChannel.h">
      <Filter>Source Files\model</Filter>
    </ClInclude>
    <ClInclude Include="model\Node.h">
      <Filter>Source Files\model</Filter>
    </ClInclude>
    <ClInclude Include="geom\ProceduralGeom.h">
      <Filter>Source Files\geom</Filter>
    </ClInclude>
    <ClInclude Include="model\ModelUtil.h">
      <Filter>Source Files\model</Filter>
    </ClInclude>
    <ClInclude Include="math\Range.h">
      <Filter>Source Files\math</Filter>
    </ClInclude>
    <ClInclude Include="game\Weapon.h">
      <Filter>Source Files\game</Filter>
    </ClInclude>
    <ClInclude Include="game\UnitPath.h">
      <Filter>Source Files\game</Filter>
    </ClInclude>
    <ClInclude Include="text\TextItem.h">
      <Filter>Source Files\text</Filter>
    </ClInclude>
    <ClInclude Include="text\FontMap.h">
      <Filter>Source Files\text</Filter>
    </ClInclude>
    <ClInclude Include="fileio\FontMapIOUtil.h">
      <Filter>Source Files\fileio</Filter>
    </ClInclude>
    <ClInclude Include="text\TextAssetManager.h">
      <Filter>Source Files\text</Filter>
    </ClInclude>
    <ClInclude Include="ui\GameMenu.h">
      <Filter>Source Files\ui</Filter>
    </ClInclude>
    <ClInclude Include="ui\GameMenuItem.h">
      <Filter>Source Files\ui</Filter>
    </ClInclude>
    <ClInclude Include="ui\MenuAssetManager.h">
      <Filter>Source Files\ui</Filter>
    </ClInclude>
    <ClInclude Include="lua\LuaCamera.h">
      <Filter>Source Files\lua</Filter>
    </ClInclude>
    <ClInclude Include="lua\LuaGameInstance.h">
      <Filter>Source Files\lua</Filter>
    </ClInclude>
    <ClInclude Include="lua\LuaShader.h">
      <Filter>Source Files\lua</Filter>
    </ClInclude>
    <ClInclude Include="lua\LuaLevelMap.h">
      <Filter>Source Files\lua</Filter>
    </ClInclude>
    <ClInclude Include="lua\LuaUnit.h">
      <Filter>Source Files\lua</Filter>
    </ClInclude>
    <ClInclude Include="lua\LuaMenu.h">
      <Filter>Source Files\lua</Filter>
    </ClInclude>
    <ClInclude Include="lua\LuaText.h">
      <Filter>Source Files\lua</Filter>
    </ClInclude>
    <ClInclude Include="lua\LuaController.h">
      <Filter>Source Files\lua</Filter>
    </ClInclude>
    <ClInclude Include="lua\LuaNetwork.h">
      <Filter>Source Files\lua</Filter>
    </ClInclude>
    <ClInclude Include="lua\LuaRender.h">
      <Filter>Source Files\lua</Filter>
    </ClInclude>
    <ClInclude Include="render\IntroRenderer.h">
      <Filter>Source Files\render</Filter>
    </ClInclude>
    <ClInclude Include="lua\LuaIntro.h">
      <Filter>Source Files\lua</Filter>
    </ClInclude>
    <ClInclude Include="lua\LuaKeyboard.h">
      <Filter>Source Files\lua</Filter>
    </ClInclude>
    <ClInclude Include="input\KeyboardListener.h">
      <Filter>Source Files\input</Filter>
    </ClInclude>
    <ClInclude Include="lua\LuaModel.h">
      <Filter>Source Files\lua</Filter>
    </ClInclude>
    <ClInclude Include="math\DynamicState.h">
      <Filter>Source Files\math</Filter>
    </ClInclude>
    <ClInclude Include="network\NetworkNode.h">
      <Filter>Source Files\network</Filter>
    </ClInclude>
    <ClInclude Include="network\NetworkListener.h">
      <Filter>Source Files\network</Filter>
    </ClInclude>
    <ClInclude Include="Lua\LuaOverlay.h">
      <Filter>Source Files\lua</Filter>
    </ClInclude>
    <ClInclude Include="ui\OverlayAssetManager.h">
      <Filter>Source Files\ui</Filter>
    </ClInclude>
    <ClInclude Include="ui\Overlay.h">
      <Filter>Source Files\ui</Filter>
    </ClInclude>
    <ClInclude Include="ui\OverlayItem.h">
      <Filter>Source Files\ui</Filter>
    </ClInclude>
    <ClInclude Include="render\Cubemap.h">
      <Filter>Source Files\render</Filter>
    </ClInclude>
    <ClInclude Include="lua\LuaScene.h">
      <Filter>Source Files\lua</Filter>
    </ClInclude>
    <ClInclude Include="game\TileRange.h">
      <Filter>Source Files\game</Filter>
    </ClInclude>
    <ClInclude Include="render\Uniform.h">
      <Filter>Source Files\render</Filter>
    </ClInclude>
    <ClInclude Include="game\Edge.h">
      <Filter>Source Files\game</Filter>
    </ClInclude>
    <ClInclude Include="render\RenderUnit.h">
      <Filter>Source Files\render</Filter>
    </ClInclude>
    <ClInclude Include="lua\lua_translate.h">
      <Filter>Source Files\lua</Filter>
    </ClInclude>
    <ClInclude Include="render\Error.h">
      <Filter>Source Files\render</Filter>
    </ClInclude>
    <ClInclude Include="lua\LuaAsset.h">
      <Filter>Source Files\lua</Filter>
    </ClInclude>
  </ItemGroup>
</Project>